
Microsoft Visual Studio Solution File, Format Version 12.00
# Visual Studio Version 17
VisualStudioVersion = 17.10.34607.79
MinimumVisualStudioVersion = 10.0.40219.1
Project("{FAE04EC0-301F-11D3-BF4B-00C04F79EFBC}") = "MN_Shop.Server", "MN_Shop.Server\MN_Shop.Server.csproj", "{C0520F42-D0DE-4D75-A3FE-08FDA45B1D03}"
EndProject
Project("{54A90642-561A-4BB1-A94E-469ADEE60C69}") = "mn_shop.client", "mn_shop.client\mn_shop.client.esproj", "{ADD9D3F9-4196-4619-8C2D-27BC2C392D25}"
EndProject
Global
	GlobalSection(SolutionConfigurationPlatforms) = preSolution
		Debug|Any CPU = Debug|Any CPU
		Release|Any CPU = Release|Any CPU
	EndGlobalSection
	GlobalSection(ProjectConfigurationPlatforms) = postSolution
		{C0520F42-D0DE-4D75-A3FE-08FDA45B1D03}.Debug|Any CPU.ActiveCfg = Debug|Any CPU
		{C0520F42-D0DE-4D75-A3FE-08FDA45B1D03}.Debug|Any CPU.Build.0 = Debug|Any CPU
		{C0520F42-D0DE-4D75-A3FE-08FDA45B1D03}.Release|Any CPU.ActiveCfg = Release|Any CPU
		{C0520F42-D0DE-4D75-A3FE-08FDA45B1D03}.Release|Any CPU.Build.0 = Release|Any CPU
		{ADD9D3F9-4196-4619-8C2D-27BC2C392D25}.Debug|Any CPU.ActiveCfg = Debug|Any CPU
		{ADD9D3F9-4196-4619-8C2D-27BC2C392D25}.Debug|Any CPU.Build.0 = Debug|Any CPU
		{ADD9D3F9-4196-4619-8C2D-27BC2C392D25}.Debug|Any CPU.Deploy.0 = Debug|Any CPU
		{ADD9D3F9-4196-4619-8C2D-27BC2C392D25}.Release|Any CPU.ActiveCfg = Release|Any CPU
		{ADD9D3F9-4196-4619-8C2D-27BC2C392D25}.Release|Any CPU.Build.0 = Release|Any CPU
		{ADD9D3F9-4196-4619-8C2D-27BC2C392D25}.Release|Any CPU.Deploy.0 = Release|Any CPU
	EndGlobalSection
	GlobalSection(SolutionProperties) = preSolution
		HideSolutionNode = FALSE
	EndGlobalSection
	GlobalSection(ExtensibilityGlobals) = postSolution
		SolutionGuid = {8D7AC380-1FA0-4FC8-AC26-AB2E0F750EBA}
	EndGlobalSection
EndGlobal
